
Microsoft Visual Studio Solution File, Format Version 11.00
# Visual Studio 2010
Project("{FAE04EC0-301F-11D3-BF4B-00C04F79EFBC}") = "0x10co.de", "0x10co.de\0x10co.de.csproj", "{E0A89BE1-C461-4DF2-94C7-AAE4B8A1BA0F}"
EndProject
Global
	GlobalSection(SolutionConfigurationPlatforms) = preSolution
		Debug|Any CPU = Debug|Any CPU
		Release|Any CPU = Release|Any CPU
	EndGlobalSection
	GlobalSection(ProjectConfigurationPlatforms) = postSolution
		{E0A89BE1-C461-4DF2-94C7-AAE4B8A1BA0F}.Debug|Any CPU.ActiveCfg = Debug|Any CPU
		{E0A89BE1-C461-4DF2-94C7-AAE4B8A1BA0F}.Debug|Any CPU.Build.0 = Debug|Any CPU
		{E0A89BE1-C461-4DF2-94C7-AAE4B8A1BA0F}.Release|Any CPU.ActiveCfg = Release|Any CPU
		{E0A89BE1-C461-4DF2-94C7-AAE4B8A1BA0F}.Release|Any CPU.Build.0 = Release|Any CPU
	EndGlobalSection
	GlobalSection(SolutionProperties) = preSolution
		HideSolutionNode = FALSE
	EndGlobalSection
EndGlobal
